
Microsoft Visual Studio Solution File, Format Version 12.00
# Visual Studio Version 17
VisualStudioVersion = 17.9.34607.119
MinimumVisualStudioVersion = 10.0.40219.1
Project("{FAE04EC0-301F-11D3-BF4B-00C04F79EFBC}") = "MagicalDualPlay", "MagicalDualPlay.csproj", "{30E861B0-57C8-46FD-838B-07B729B7A4F1}"
EndProject
Global
	GlobalSection(SolutionConfigurationPlatforms) = preSolution
		Debug|Any CPU = Debug|Any CPU
		Release|Any CPU = Release|Any CPU
	EndGlobalSection
	GlobalSection(ProjectConfigurationPlatforms) = postSolution
		{30E861B0-57C8-46FD-838B-07B729B7A4F1}.Debug|Any CPU.ActiveCfg = Debug|Any CPU
		{30E861B0-57C8-46FD-838B-07B729B7A4F1}.Debug|Any CPU.Build.0 = Debug|Any CPU
		{30E861B0-57C8-46FD-838B-07B729B7A4F1}.Release|Any CPU.ActiveCfg = Release|Any CPU
		{30E861B0-57C8-46FD-838B-07B729B7A4F1}.Release|Any CPU.Build.0 = Release|Any CPU
	EndGlobalSection
	GlobalSection(SolutionProperties) = preSolution
		HideSolutionNode = FALSE
	EndGlobalSection
	GlobalSection(ExtensibilityGlobals) = postSolution
		SolutionGuid = {D084CCAA-8D07-46B4-8CAB-A3440FD3D036}
	EndGlobalSection
EndGlobal
