
Microsoft Visual Studio Solution File, Format Version 12.00
# Visual Studio Version 17
VisualStudioVersion = 17.9.34701.34
MinimumVisualStudioVersion = 10.0.40219.1
Project("{FAE04EC0-301F-11D3-BF4B-00C04F79EFBC}") = "CardDeckGame", "CardDeckGame\CardDeckGame.csproj", "{66113A06-7B17-4B0E-B288-B880B21D0148}"
EndProject
Global
	GlobalSection(SolutionConfigurationPlatforms) = preSolution
		Debug|Any CPU = Debug|Any CPU
		Release|Any CPU = Release|Any CPU
	EndGlobalSection
	GlobalSection(ProjectConfigurationPlatforms) = postSolution
		{66113A06-7B17-4B0E-B288-B880B21D0148}.Debug|Any CPU.ActiveCfg = Debug|Any CPU
		{66113A06-7B17-4B0E-B288-B880B21D0148}.Debug|Any CPU.Build.0 = Debug|Any CPU
		{66113A06-7B17-4B0E-B288-B880B21D0148}.Release|Any CPU.ActiveCfg = Release|Any CPU
		{66113A06-7B17-4B0E-B288-B880B21D0148}.Release|Any CPU.Build.0 = Release|Any CPU
	EndGlobalSection
	GlobalSection(SolutionProperties) = preSolution
		HideSolutionNode = FALSE
	EndGlobalSection
	GlobalSection(ExtensibilityGlobals) = postSolution
		SolutionGuid = {403F79AF-EA8D-44A9-BCCB-323FEA83E849}
	EndGlobalSection
EndGlobal
